
Microsoft Visual Studio Solution File, Format Version 12.00
# Visual Studio 15
VisualStudioVersion = 15.0.28307.1145
MinimumVisualStudioVersion = 10.0.40219.1
Project("{FAE04EC0-301F-11D3-BF4B-00C04F79EFBC}") = "Chess", "Chess.csproj", "{0C44558A-D782-4472-BB1D-38E5DD8E9E41}"
EndProject
Project("{FAE04EC0-301F-11D3-BF4B-00C04F79EFBC}") = "ChessTestProject", "..\ChessTestProject\ChessTestProject.csproj", "{14F29A7E-E842-48F3-B4D0-6AC58F19E5E0}"
EndProject
Global
	GlobalSection(SolutionConfigurationPlatforms) = preSolution
		Debug|Any CPU = Debug|Any CPU
		Release|Any CPU = Release|Any CPU
	EndGlobalSection
	GlobalSection(ProjectConfigurationPlatforms) = postSolution
		{0C44558A-D782-4472-BB1D-38E5DD8E9E41}.Debug|Any CPU.ActiveCfg = Debug|Any CPU
		{0C44558A-D782-4472-BB1D-38E5DD8E9E41}.Debug|Any CPU.Build.0 = Debug|Any CPU
		{0C44558A-D782-4472-BB1D-38E5DD8E9E41}.Release|Any CPU.ActiveCfg = Release|Any CPU
		{0C44558A-D782-4472-BB1D-38E5DD8E9E41}.Release|Any CPU.Build.0 = Release|Any CPU
		{14F29A7E-E842-48F3-B4D0-6AC58F19E5E0}.Debug|Any CPU.ActiveCfg = Debug|Any CPU
		{14F29A7E-E842-48F3-B4D0-6AC58F19E5E0}.Debug|Any CPU.Build.0 = Debug|Any CPU
		{14F29A7E-E842-48F3-B4D0-6AC58F19E5E0}.Release|Any CPU.ActiveCfg = Release|Any CPU
		{14F29A7E-E842-48F3-B4D0-6AC58F19E5E0}.Release|Any CPU.Build.0 = Release|Any CPU
	EndGlobalSection
	GlobalSection(SolutionProperties) = preSolution
		HideSolutionNode = FALSE
	EndGlobalSection
	GlobalSection(ExtensibilityGlobals) = postSolution
		SolutionGuid = {0FB1D61D-A058-4471-90D5-71EEB7796EEE}
	EndGlobalSection
EndGlobal
